
Microsoft Visual Studio Solution File, Format Version 12.00
Project("{FAE04EC0-301F-11D3-BF4B-00C04F79EFBC}") = "web3cs", "web3cs.csproj", "{5369C0D8-4ACD-475C-A3D8-104F2E81C518}"
EndProject
Global
	GlobalSection(SolutionConfigurationPlatforms) = preSolution
		Debug|Any CPU = Debug|Any CPU
		Release|Any CPU = Release|Any CPU
	EndGlobalSection
	GlobalSection(ProjectConfigurationPlatforms) = postSolution
		{5369C0D8-4ACD-475C-A3D8-104F2E81C518}.Debug|Any CPU.ActiveCfg = Debug|Any CPU
		{5369C0D8-4ACD-475C-A3D8-104F2E81C518}.Debug|Any CPU.Build.0 = Debug|Any CPU
		{5369C0D8-4ACD-475C-A3D8-104F2E81C518}.Release|Any CPU.ActiveCfg = Release|Any CPU
		{5369C0D8-4ACD-475C-A3D8-104F2E81C518}.Release|Any CPU.Build.0 = Release|Any CPU
	EndGlobalSection
EndGlobal
